// !$*UTF8*$!
{
	archiveVersion = 1;
	classes = {
	};
	objectVersion = 56;
	objects = {

/* Begin PBXBuildFile section */
		B4990A322AB2417600688258 /* Instagram_CloneApp.swift in Sources */ = {isa = PBXBuildFile; fileRef = B4990A312AB2417600688258 /* Instagram_CloneApp.swift */; };
		B4990A342AB2417600688258 /* ContentView.swift in Sources */ = {isa = PBXBuildFile; fileRef = B4990A332AB2417600688258 /* ContentView.swift */; };
		B4990A362AB2417800688258 /* Assets.xcassets in Resources */ = {isa = PBXBuildFile; fileRef = B4990A352AB2417800688258 /* Assets.xcassets */; };
		B4990A392AB2417800688258 /* Preview Assets.xcassets in Resources */ = {isa = PBXBuildFile; fileRef = B4990A382AB2417800688258 /* Preview Assets.xcassets */; };
		B4990A432AB2417800688258 /* Instagram_CloneTests.swift in Sources */ = {isa = PBXBuildFile; fileRef = B4990A422AB2417800688258 /* Instagram_CloneTests.swift */; };
		B4990A4D2AB2417800688258 /* Instagram_CloneUITests.swift in Sources */ = {isa = PBXBuildFile; fileRef = B4990A4C2AB2417800688258 /* Instagram_CloneUITests.swift */; };
		B4990A4F2AB2417800688258 /* Instagram_CloneUITestsLaunchTests.swift in Sources */ = {isa = PBXBuildFile; fileRef = B4990A4E2AB2417800688258 /* Instagram_CloneUITestsLaunchTests.swift */; };
/* End PBXBuildFile section */

/* Begin PBXContainerItemProxy section */
		B4990A3F2AB2417800688258 /* PBXContainerItemProxy */ = {
			isa = PBXContainerItemProxy;
			containerPortal = B4990A262AB2417600688258 /* Project object */;
			proxyType = 1;
			remoteGlobalIDString = B4990A2D2AB2417600688258;
			remoteInfo = "Instagram-Clone";
		};
		B4990A492AB2417800688258 /* PBXContainerItemProxy */ = {
			isa = PBXContainerItemProxy;
			containerPortal = B4990A262AB2417600688258 /* Project object */;
			proxyType = 1;
			remoteGlobalIDString = B4990A2D2AB2417600688258;
			remoteInfo = "Instagram-Clone";
		};
/* End PBXContainerItemProxy section */

/* Begin PBXFileReference section */
		B4990A2E2AB2417600688258 /* Instagram-Clone.app */ = {isa = PBXFileReference; explicitFileType = wrapper.application; includeInIndex = 0; path = "Instagram-Clone.app"; sourceTree = BUILT_PRODUCTS_DIR; };
		B4990A312AB2417600688258 /* Instagram_CloneApp.swift */ = {isa = PBXFileReference; lastKnownFileType = sourcecode.swift; path = Instagram_CloneApp.swift; sourceTree = "<group>"; };
		B4990A332AB2417600688258 /* ContentView.swift */ = {isa = PBXFileReference; lastKnownFileType = sourcecode.swift; path = ContentView.swift; sourceTree = "<group>"; };
		B4990A352AB2417800688258 /* Assets.xcassets */ = {isa = PBXFileReference; lastKnownFileType = folder.assetcatalog; path = Assets.xcassets; sourceTree = "<group>"; };
		B4990A382AB2417800688258 /* Preview Assets.xcassets */ = {isa = PBXFileReference; lastKnownFileType = folder.assetcatalog; path = "Preview Assets.xcassets"; sourceTree = "<group>"; };
		B4990A3E2AB2417800688258 /* Instagram-CloneTests.xctest */ = {isa = PBXFileReference; explicitFileType = wrapper.cfbundle; includeInIndex = 0; path = "Instagram-CloneTests.xctest"; sourceTree = BUILT_PRODUCTS_DIR; };
		B4990A422AB2417800688258 /* Instagram_CloneTests.swift */ = {isa = PBXFileReference; lastKnownFileType = sourcecode.swift; path = Instagram_CloneTests.swift; sourceTree = "<group>"; };
		B4990A482AB2417800688258 /* Instagram-CloneUITests.xctest */ = {isa = PBXFileReference; explicitFileType = wrapper.cfbundle; includeInIndex = 0; path = "Instagram-CloneUITests.xctest"; sourceTree = BUILT_PRODUCTS_DIR; };
		B4990A4C2AB2417800688258 /* Instagram_CloneUITests.swift */ = {isa = PBXFileReference; lastKnownFileType = sourcecode.swift; path = Instagram_CloneUITests.swift; sourceTree = "<group>"; };
		B4990A4E2AB2417800688258 /* Instagram_CloneUITestsLaunchTests.swift */ = {isa = PBXFileReference; lastKnownFileType = sourcecode.swift; path = Instagram_CloneUITestsLaunchTests.swift; sourceTree = "<group>"; };
/* End PBXFileReference section */

/* Begin PBXFrameworksBuildPhase section */
		B4990A2B2AB2417600688258 /* Frameworks */ = {
			isa = PBXFrameworksBuildPhase;
			buildActionMask = 2147483647;
			files = (
			);
			runOnlyForDeploymentPostprocessing = 0;
		};
		B4990A3B2AB2417800688258 /* Frameworks */ = {
			isa = PBXFrameworksBuildPhase;
			buildActionMask = 2147483647;
			files = (
			);
			runOnlyForDeploymentPostprocessing = 0;
		};
		B4990A452AB2417800688258 /* Frameworks */ = {
			isa = PBXFrameworksBuildPhase;
			buildActionMask = 2147483647;
			files = (
			);
			runOnlyForDeploymentPostprocessing = 0;
		};
/* End PBXFrameworksBuildPhase section */

/* Begin PBXGroup section */
		B4990A252AB2417600688258 = {
			isa = PBXGroup;
			children = (
				B4990A302AB2417600688258 /* Instagram-Clone */,
				B4990A412AB2417800688258 /* Instagram-CloneTests */,
				B4990A4B2AB2417800688258 /* Instagram-CloneUITests */,
				B4990A2F2AB2417600688258 /* Products */,
			);
			sourceTree = "<group>";
		};
		B4990A2F2AB2417600688258 /* Products */ = {
			isa = PBXGroup;
			children = (
				B4990A2E2AB2417600688258 /* Instagram-Clone.app */,
				B4990A3E2AB2417800688258 /* Instagram-CloneTests.xctest */,
				B4990A482AB2417800688258 /* Instagram-CloneUITests.xctest */,
			);
			name = Products;
			sourceTree = "<group>";
		};
		B4990A302AB2417600688258 /* Instagram-Clone */ = {
			isa = PBXGroup;
			children = (
				B4990A312AB2417600688258 /* Instagram_CloneApp.swift */,
				B4990A332AB2417600688258 /* ContentView.swift */,
				B4990A352AB2417800688258 /* Assets.xcassets */,
				B4990A372AB2417800688258 /* Preview Content */,
			);
			path = "Instagram-Clone";
			sourceTree = "<group>";
		};
		B4990A372AB2417800688258 /* Preview Content */ = {
			isa = PBXGroup;
			children = (
				B4990A382AB2417800688258 /* Preview Assets.xcassets */,
			);
			path = "Preview Content";
			sourceTree = "<group>";
		};
		B4990A412AB2417800688258 /* Instagram-CloneTests */ = {
			isa = PBXGroup;
			children = (
				B4990A422AB2417800688258 /* Instagram_CloneTests.swift */,
			);
			path = "Instagram-CloneTests";
			sourceTree = "<group>";
		};
		B4990A4B2AB2417800688258 /* Instagram-CloneUITests */ = {
			isa = PBXGroup;
			children = (
				B4990A4C2AB2417800688258 /* Instagram_CloneUITests.swift */,
				B4990A4E2AB2417800688258 /* Instagram_CloneUITestsLaunchTests.swift */,
			);
			path = "Instagram-CloneUITests";
			sourceTree = "<group>";
		};
/* End PBXGroup section */

/* Begin PBXNativeTarget section */
		B4990A2D2AB2417600688258 /* Instagram-Clone */ = {
			isa = PBXNativeTarget;
			buildConfigurationList = B4990A522AB2417800688258 /* Build configuration list for PBXNativeTarget "Instagram-Clone" */;
			buildPhases = (
				B4990A2A2AB2417600688258 /* Sources */,
				B4990A2B2AB2417600688258 /* Frameworks */,
				B4990A2C2AB2417600688258 /* Resources */,
			);
			buildRules = (
			);
			dependencies = (
			);
			name = "Instagram-Clone";
			productName = "Instagram-Clone";
			productReference = B4990A2E2AB2417600688258 /* Instagram-Clone.app */;
			productType = "com.apple.product-type.application";
		};
		B4990A3D2AB2417800688258 /* Instagram-CloneTests */ = {
			isa = PBXNativeTarget;
			buildConfigurationList = B4990A552AB2417800688258 /* Build configuration list for PBXNativeTarget "Instagram-CloneTests" */;
			buildPhases = (
				B4990A3A2AB2417800688258 /* Sources */,
				B4990A3B2AB2417800688258 /* Frameworks */,
				B4990A3C2AB2417800688258 /* Resources */,
			);
			buildRules = (
			);
			dependencies = (
				B4990A402AB2417800688258 /* PBXTargetDependency */,
			);
			name = "Instagram-CloneTests";
			productName = "Instagram-CloneTests";
			productReference = B4990A3E2AB2417800688258 /* Instagram-CloneTests.xctest */;
			productType = "com.apple.product-type.bundle.unit-test";
		};
		B4990A472AB2417800688258 /* Instagram-CloneUITests */ = {
			isa = PBXNativeTarget;
			buildConfigurationList = B4990A582AB2417800688258 /* Build configuration list for PBXNativeTarget "Instagram-CloneUITests" */;
			buildPhases = (
				B4990A442AB2417800688258 /* Sources */,
				B4990A452AB2417800688258 /* Frameworks */,
				B4990A462AB2417800688258 /* Resources */,
			);
			buildRules = (
			);
			dependencies = (
				B4990A4A2AB2417800688258 /* PBXTargetDependency */,
			);
			name = "Instagram-CloneUITests";
			productName = "Instagram-CloneUITests";
			productReference = B4990A482AB2417800688258 /* Instagram-CloneUITests.xctest */;
			productType = "com.apple.product-type.bundle.ui-testing";
		};
/* End PBXNativeTarget section */

/* Begin PBXProject section */
		B4990A262AB2417600688258 /* Project object */ = {
			isa = PBXProject;
			attributes = {
				BuildIndependentTargetsInParallel = 1;
				LastSwiftUpdateCheck = 1430;
				LastUpgradeCheck = 1430;
				TargetAttributes = {
					B4990A2D2AB2417600688258 = {
						CreatedOnToolsVersion = 14.3.1;
					};
					B4990A3D2AB2417800688258 = {
						CreatedOnToolsVersion = 14.3.1;
						TestTargetID = B4990A2D2AB2417600688258;
					};
					B4990A472AB2417800688258 = {
						CreatedOnToolsVersion = 14.3.1;
						TestTargetID = B4990A2D2AB2417600688258;
					};
				};
			};
			buildConfigurationList = B4990A292AB2417600688258 /* Build configuration list for PBXProject "Instagram-Clone" */;
			compatibilityVersion = "Xcode 14.0";
			developmentRegion = en;
			hasScannedForEncodings = 0;
			knownRegions = (
				en,
				Base,
			);
			mainGroup = B4990A252AB2417600688258;
			productRefGroup = B4990A2F2AB2417600688258 /* Products */;
			projectDirPath = "";
			projectRoot = "";
			targets = (
				B4990A2D2AB2417600688258 /* Instagram-Clone */,
				B4990A3D2AB2417800688258 /* Instagram-CloneTests */,
				B4990A472AB2417800688258 /* Instagram-CloneUITests */,
			);
		};
/* End PBXProject section */

/* Begin PBXResourcesBuildPhase section */
		B4990A2C2AB2417600688258 /* Resources */ = {
			isa = PBXResourcesBuildPhase;
			buildActionMask = 2147483647;
			files = (
				B4990A392AB2417800688258 /* Preview Assets.xcassets in Resources */,
				B4990A362AB2417800688258 /* Assets.xcassets in Resources */,
			);
			runOnlyForDeploymentPostprocessing = 0;
		};
		B4990A3C2AB2417800688258 /* Resources */ = {
			isa = PBXResourcesBuildPhase;
			buildActionMask = 2147483647;
			files = (
			);
			runOnlyForDeploymentPostprocessing = 0;
		};
		B4990A462AB2417800688258 /* Resources */ = {
			isa = PBXResourcesBuildPhase;
			buildActionMask = 2147483647;
			files = (
			);
			runOnlyForDeploymentPostprocessing = 0;
		};
/* End PBXResourcesBuildPhase section */

/* Begin PBXSourcesBuildPhase section */
		B4990A2A2AB2417600688258 /* Sources */ = {
			isa = PBXSourcesBuildPhase;
			buildActionMask = 2147483647;
			files = (
				B4990A342AB2417600688258 /* ContentView.swift in Sources */,
				B4990A322AB2417600688258 /* Instagram_CloneApp.swift in Sources */,
			);
			runOnlyForDeploymentPostprocessing = 0;
		};
		B4990A3A2AB2417800688258 /* Sources */ = {
			isa = PBXSourcesBuildPhase;
			buildActionMask = 2147483647;
			files = (
				B4990A432AB2417800688258 /* Instagram_CloneTests.swift in Sources */,
			);
			runOnlyForDeploymentPostprocessing = 0;
		};
		B4990A442AB2417800688258 /* Sources */ = {
			isa = PBXSourcesBuildPhase;
			buildActionMask = 2147483647;
			files = (
				B4990A4D2AB2417800688258 /* Instagram_CloneUITests.swift in Sources */,
				B4990A4F2AB2417800688258 /* Instagram_CloneUITestsLaunchTests.swift in Sources */,
			);
			runOnlyForDeploymentPostprocessing = 0;
		};
/* End PBXSourcesBuildPhase section */

/* Begin PBXTargetDependency section */
		B4990A402AB2417800688258 /* PBXTargetDependency */ = {
			isa = PBXTargetDependency;
			target = B4990A2D2AB2417600688258 /* Instagram-Clone */;
			targetProxy = B4990A3F2AB2417800688258 /* PBXContainerItemProxy */;
		};
		B4990A4A2AB2417800688258 /* PBXTargetDependency */ = {
			isa = PBXTargetDependency;
			target = B4990A2D2AB2417600688258 /* Instagram-Clone */;
			targetProxy = B4990A492AB2417800688258 /* PBXContainerItemProxy */;
		};
/* End PBXTargetDependency section */

/* Begin XCBuildConfiguration section */
		B4990A502AB2417800688258 /* Debug */ = {
			isa = XCBuildConfiguration;
			buildSettings = {
				ALWAYS_SEARCH_USER_PATHS = NO;
				CLANG_ANALYZER_NONNULL = YES;
				CLANG_ANALYZER_NUMBER_OBJECT_CONVERSION = YES_AGGRESSIVE;
				CLANG_CXX_LANGUAGE_STANDARD = "gnu++20";
				CLANG_ENABLE_MODULES = YES;
				CLANG_ENABLE_OBJC_ARC = YES;
				CLANG_ENABLE_OBJC_WEAK = YES;
				CLANG_WARN_BLOCK_CAPTURE_AUTORELEASING = YES;
				CLANG_WARN_BOOL_CONVERSION = YES;
				CLANG_WARN_COMMA = YES;
				CLANG_WARN_CONSTANT_CONVERSION = YES;
				CLANG_WARN_DEPRECATED_OBJC_IMPLEMENTATIONS = YES;
				CLANG_WARN_DIRECT_OBJC_ISA_USAGE = YES_ERROR;
				CLANG_WARN_DOCUMENTATION_COMMENTS = YES;
				CLANG_WARN_EMPTY_BODY = YES;
				CLANG_WARN_ENUM_CONVERSION = YES;
				CLANG_WARN_INFINITE_RECURSION = YES;
				CLANG_WARN_INT_CONVERSION = YES;
				CLANG_WARN_NON_LITERAL_NULL_CONVERSION = YES;
				CLANG_WARN_OBJC_IMPLICIT_RETAIN_SELF = YES;
				CLANG_WARN_OBJC_LITERAL_CONVERSION = YES;
				CLANG_WARN_OBJC_ROOT_CLASS = YES_ERROR;
				CLANG_WARN_QUOTED_INCLUDE_IN_FRAMEWORK_HEADER = YES;
				CLANG_WARN_RANGE_LOOP_ANALYSIS = YES;
				CLANG_WARN_STRICT_PROTOTYPES = YES;
				CLANG_WARN_SUSPICIOUS_MOVE = YES;
				CLANG_WARN_UNGUARDED_AVAILABILITY = YES_AGGRESSIVE;
				CLANG_WARN_UNREACHABLE_CODE = YES;
				CLANG_WARN__DUPLICATE_METHOD_MATCH = YES;
				COPY_PHASE_STRIP = NO;
				DEBUG_INFORMATION_FORMAT = dwarf;
				ENABLE_STRICT_OBJC_MSGSEND = YES;
				ENABLE_TESTABILITY = YES;
				GCC_C_LANGUAGE_STANDARD = gnu11;
				GCC_DYNAMIC_NO_PIC = NO;
				GCC_NO_COMMON_BLOCKS = YES;
				GCC_OPTIMIZATION_LEVEL = 0;
				GCC_PREPROCESSOR_DEFINITIONS = (
					"DEBUG=1",
					"$(inherited)",
				);
				GCC_WARN_64_TO_32_BIT_CONVERSION = YES;
				GCC_WARN_ABOUT_RETURN_TYPE = YES_ERROR;
				GCC_WARN_UNDECLARED_SELECTOR = YES;
				GCC_WARN_UNINITIALIZED_AUTOS = YES_AGGRESSIVE;
				GCC_WARN_UNUSED_FUNCTION = YES;
				GCC_WARN_UNUSED_VARIABLE = YES;
				IPHONEOS_DEPLOYMENT_TARGET = 16.4;
				MTL_ENABLE_DEBUG_INFO = INCLUDE_SOURCE;
				MTL_FAST_MATH = YES;
				ONLY_ACTIVE_ARCH = YES;
				SDKROOT = iphoneos;
				SWIFT_ACTIVE_COMPILATION_CONDITIONS = DEBUG;
				SWIFT_OPTIMIZATION_LEVEL = "-Onone";
			};
			name = Debug;
		};
		B4990A512AB2417800688258 /* Release */ = {
			isa = XCBuildConfiguration;
			buildSettings = {
				ALWAYS_SEARCH_USER_PATHS = NO;
				CLANG_ANALYZER_NONNULL = YES;
				CLANG_ANALYZER_NUMBER_OBJECT_CONVERSION = YES_AGGRESSIVE;
				CLANG_CXX_LANGUAGE_STANDARD = "gnu++20";
				CLANG_ENABLE_MODULES = YES;
				CLANG_ENABLE_OBJC_ARC = YES;
				CLANG_ENABLE_OBJC_WEAK = YES;
				CLANG_WARN_BLOCK_CAPTURE_AUTORELEASING = YES;
				CLANG_WARN_BOOL_CONVERSION = YES;
				CLANG_WARN_COMMA = YES;
				CLANG_WARN_CONSTANT_CONVERSION = YES;
				CLANG_WARN_DEPRECATED_OBJC_IMPLEMENTATIONS = YES;
				CLANG_WARN_DIRECT_OBJC_ISA_USAGE = YES_ERROR;
				CLANG_WARN_DOCUMENTATION_COMMENTS = YES;
				CLANG_WARN_EMPTY_BODY = YES;
				CLANG_WARN_ENUM_CONVERSION = YES;
				CLANG_WARN_INFINITE_RECURSION = YES;
				CLANG_WARN_INT_CONVERSION = YES;
				CLANG_WARN_NON_LITERAL_NULL_CONVERSION = YES;
				CLANG_WARN_OBJC_IMPLICIT_RETAIN_SELF = YES;
				CLANG_WARN_OBJC_LITERAL_CONVERSION = YES;
				CLANG_WARN_OBJC_ROOT_CLASS = YES_ERROR;
				CLANG_WARN_QUOTED_INCLUDE_IN_FRAMEWORK_HEADER = YES;
				CLANG_WARN_RANGE_LOOP_ANALYSIS = YES;
				CLANG_WARN_STRICT_PROTOTYPES = YES;
				CLANG_WARN_SUSPICIOUS_MOVE = YES;
				CLANG_WARN_UNGUARDED_AVAILABILITY = YES_AGGRESSIVE;
				CLANG_WARN_UNREACHABLE_CODE = YES;
				CLANG_WARN__DUPLICATE_METHOD_MATCH = YES;
				COPY_PHASE_STRIP = NO;
				DEBUG_INFORMATION_FORMAT = "dwarf-with-dsym";
				ENABLE_NS_ASSERTIONS = NO;
				ENABLE_STRICT_OBJC_MSGSEND = YES;
				GCC_C_LANGUAGE_STANDARD = gnu11;
				GCC_NO_COMMON_BLOCKS = YES;
				GCC_WARN_64_TO_32_BIT_CONVERSION = YES;
				GCC_WARN_ABOUT_RETURN_TYPE = YES_ERROR;
				GCC_WARN_UNDECLARED_SELECTOR = YES;
				GCC_WARN_UNINITIALIZED_AUTOS = YES_AGGRESSIVE;
				GCC_WARN_UNUSED_FUNCTION = YES;
				GCC_WARN_UNUSED_VARIABLE = YES;
				IPHONEOS_DEPLOYMENT_TARGET = 16.4;
				MTL_ENABLE_DEBUG_INFO = NO;
				MTL_FAST_MATH = YES;
				SDKROOT = iphoneos;
				SWIFT_COMPILATION_MODE = wholemodule;
				SWIFT_OPTIMIZATION_LEVEL = "-O";
				VALIDATE_PRODUCT = YES;
			};
			name = Release;
		};
		B4990A532AB2417800688258 /* Debug */ = {
			isa = XCBuildConfiguration;
			buildSettings = {
				ASSETCATALOG_COMPILER_APPICON_NAME = AppIcon;
				ASSETCATALOG_COMPILER_GLOBAL_ACCENT_COLOR_NAME = AccentColor;
				CODE_SIGN_STYLE = Automatic;
				CURRENT_PROJECT_VERSION = 1;
				DEVELOPMENT_ASSET_PATHS = "\"Instagram-Clone/Preview Content\"";
				DEVELOPMENT_TEAM = 7M226WNK72;
				ENABLE_PREVIEWS = YES;
				GENERATE_INFOPLIST_FILE = YES;
				INFOPLIST_KEY_UIApplicationSceneManifest_Generation = YES;
				INFOPLIST_KEY_UIApplicationSupportsIndirectInputEvents = YES;
				INFOPLIST_KEY_UILaunchScreen_Generation = YES;
				INFOPLIST_KEY_UISupportedInterfaceOrientations_iPad = "UIInterfaceOrientationPortrait UIInterfaceOrientationPortraitUpsideDown UIInterfaceOrientationLandscapeLeft UIInterfaceOrientationLandscapeRight";
				INFOPLIST_KEY_UISupportedInterfaceOrientations_iPhone = "UIInterfaceOrientationPortrait UIInterfaceOrientationLandscapeLeft UIInterfaceOrientationLandscapeRight";
				LD_RUNPATH_SEARCH_PATHS = (
					"$(inherited)",
					"@executable_path/Frameworks",
				);
				MARKETING_VERSION = 1.0;
				PRODUCT_BUNDLE_IDENTIFIER = "com.MuriTech.Instagram-Clone";
				PRODUCT_NAME = "$(TARGET_NAME)";
				SWIFT_EMIT_LOC_STRINGS = YES;
				SWIFT_VERSION = 5.0;
				TARGETED_DEVICE_FAMILY = "1,2";
			};
			name = Debug;
		};
		B4990A542AB2417800688258 /* Release */ = {
			isa = XCBuildConfiguration;
			buildSettings = {
				ASSETCATALOG_COMPILER_APPICON_NAME = AppIcon;
				ASSETCATALOG_COMPILER_GLOBAL_ACCENT_COLOR_NAME = AccentColor;
				CODE_SIGN_STYLE = Automatic;
				CURRENT_PROJECT_VERSION = 1;
				DEVELOPMENT_ASSET_PATHS = "\"Instagram-Clone/Preview Content\"";
				DEVELOPMENT_TEAM = 7M226WNK72;
				ENABLE_PREVIEWS = YES;
				GENERATE_INFOPLIST_FILE = YES;
				INFOPLIST_KEY_UIApplicationSceneManifest_Generation = YES;
				INFOPLIST_KEY_UIApplicationSupportsIndirectInputEvents = YES;
				INFOPLIST_KEY_UILaunchScreen_Generation = YES;
				INFOPLIST_KEY_UISupportedInterfaceOrientations_iPad = "UIInterfaceOrientationPortrait UIInterfaceOrientationPortraitUpsideDown UIInterfaceOrientationLandscapeLeft UIInterfaceOrientationLandscapeRight";
				INFOPLIST_KEY_UISupportedInterfaceOrientations_iPhone = "UIInterfaceOrientationPortrait UIInterfaceOrientationLandscapeLeft UIInterfaceOrientationLandscapeRight";
				LD_RUNPATH_SEARCH_PATHS = (
					"$(inherited)",
					"@executable_path/Frameworks",
				);
				MARKETING_VERSION = 1.0;
				PRODUCT_BUNDLE_IDENTIFIER = "com.MuriTech.Instagram-Clone";
				PRODUCT_NAME = "$(TARGET_NAME)";
				SWIFT_EMIT_LOC_STRINGS = YES;
				SWIFT_VERSION = 5.0;
				TARGETED_DEVICE_FAMILY = "1,2";
			};
			name = Release;
		};
		B4990A562AB2417800688258 /* Debug */ = {
			isa = XCBuildConfiguration;
			buildSettings = {
				ALWAYS_EMBED_SWIFT_STANDARD_LIBRARIES = YES;
				BUNDLE_LOADER = "$(TEST_HOST)";
				CODE_SIGN_STYLE = Automatic;
				CURRENT_PROJECT_VERSION = 1;
				DEVELOPMENT_TEAM = 7M226WNK72;
				GENERATE_INFOPLIST_FILE = YES;
				IPHONEOS_DEPLOYMENT_TARGET = 16.4;
				MARKETING_VERSION = 1.0;
				PRODUCT_BUNDLE_IDENTIFIER = "com.MuriTech.Instagram-CloneTests";
				PRODUCT_NAME = "$(TARGET_NAME)";
				SWIFT_EMIT_LOC_STRINGS = NO;
				SWIFT_VERSION = 5.0;
				TARGETED_DEVICE_FAMILY = "1,2";
				TEST_HOST = "$(BUILT_PRODUCTS_DIR)/Instagram-Clone.app/$(BUNDLE_EXECUTABLE_FOLDER_PATH)/Instagram-Clone";
			};
			name = Debug;
		};
		B4990A572AB2417800688258 /* Release */ = {
			isa = XCBuildConfiguration;
			buildSettings = {
				ALWAYS_EMBED_SWIFT_STANDARD_LIBRARIES = YES;
				BUNDLE_LOADER = "$(TEST_HOST)";
				CODE_SIGN_STYLE = Automatic;
				CURRENT_PROJECT_VERSION = 1;
				DEVELOPMENT_TEAM = 7M226WNK72;
				GENERATE_INFOPLIST_FILE = YES;
				IPHONEOS_DEPLOYMENT_TARGET = 16.4;
				MARKETING_VERSION = 1.0;
				PRODUCT_BUNDLE_IDENTIFIER = "com.MuriTech.Instagram-CloneTests";
				PRODUCT_NAME = "$(TARGET_NAME)";
				SWIFT_EMIT_LOC_STRINGS = NO;
				SWIFT_VERSION = 5.0;
				TARGETED_DEVICE_FAMILY = "1,2";
				TEST_HOST = "$(BUILT_PRODUCTS_DIR)/Instagram-Clone.app/$(BUNDLE_EXECUTABLE_FOLDER_PATH)/Instagram-Clone";
			};
			name = Release;
		};
		B4990A592AB2417800688258 /* Debug */ = {
			isa = XCBuildConfiguration;
			buildSettings = {
				ALWAYS_EMBED_SWIFT_STANDARD_LIBRARIES = YES;
				CODE_SIGN_STYLE = Automatic;
				CURRENT_PROJECT_VERSION = 1;
				DEVELOPMENT_TEAM = 7M226WNK72;
				GENERATE_INFOPLIST_FILE = YES;
				MARKETING_VERSION = 1.0;
				PRODUCT_BUNDLE_IDENTIFIER = "com.MuriTech.Instagram-CloneUITests";
				PRODUCT_NAME = "$(TARGET_NAME)";
				SWIFT_EMIT_LOC_STRINGS = NO;
				SWIFT_VERSION = 5.0;
				TARGETED_DEVICE_FAMILY = "1,2";
				TEST_TARGET_NAME = "Instagram-Clone";
			};
			name = Debug;
		};
		B4990A5A2AB2417800688258 /* Release */ = {
			isa = XCBuildConfiguration;
			buildSettings = {
				ALWAYS_EMBED_SWIFT_STANDARD_LIBRARIES = YES;
				CODE_SIGN_STYLE = Automatic;
				CURRENT_PROJECT_VERSION = 1;
				DEVELOPMENT_TEAM = 7M226WNK72;
				GENERATE_INFOPLIST_FILE = YES;
				MARKETING_VERSION = 1.0;
				PRODUCT_BUNDLE_IDENTIFIER = "com.MuriTech.Instagram-CloneUITests";
				PRODUCT_NAME = "$(TARGET_NAME)";
				SWIFT_EMIT_LOC_STRINGS = NO;
				SWIFT_VERSION = 5.0;
				TARGETED_DEVICE_FAMILY = "1,2";
				TEST_TARGET_NAME = "Instagram-Clone";
			};
			name = Release;
		};
/* End XCBuildConfiguration section */

/* Begin XCConfigurationList section */
		B4990A292AB2417600688258 /* Build configuration list for PBXProject "Instagram-Clone" */ = {
			isa = XCConfigurationList;
			buildConfigurations = (
				B4990A502AB2417800688258 /* Debug */,
				B4990A512AB2417800688258 /* Release */,
			);
			defaultConfigurationIsVisible = 0;
			defaultConfigurationName = Release;
		};
		B4990A522AB2417800688258 /* Build configuration list for PBXNativeTarget "Instagram-Clone" */ = {
			isa = XCConfigurationList;
			buildConfigurations = (
				B4990A532AB2417800688258 /* Debug */,
				B4990A542AB2417800688258 /* Release */,
			);
			defaultConfigurationIsVisible = 0;
			defaultConfigurationName = Release;
		};
		B4990A552AB2417800688258 /* Build configuration list for PBXNativeTarget "Instagram-CloneTests" */ = {
			isa = XCConfigurationList;
			buildConfigurations = (
				B4990A562AB2417800688258 /* Debug */,
				B4990A572AB2417800688258 /* Release */,
			);
			defaultConfigurationIsVisible = 0;
			defaultConfigurationName = Release;
		};
		B4990A582AB2417800688258 /* Build configuration list for PBXNativeTarget "Instagram-CloneUITests" */ = {
			isa = XCConfigurationList;
			buildConfigurations = (
				B4990A592AB2417800688258 /* Debug */,
				B4990A5A2AB2417800688258 /* Release */,
			);
			defaultConfigurationIsVisible = 0;
			defaultConfigurationName = Release;
		};
/* End XCConfigurationList section */
	};
	rootObject = B4990A262AB2417600688258 /* Project object */;
}
